
Microsoft Visual Studio Solution File, Format Version 12.00
# Visual Studio Version 16
VisualStudioVersion = 16.0.31019.35
MinimumVisualStudioVersion = 10.0.40219.1
Project("{FAE04EC0-301F-11D3-BF4B-00C04F79EFBC}") = "Lab1_Wackowski", "Lab1_Wackowski\Lab1_Wackowski.csproj", "{CEC4220B-B975-469A-AE13-3A873E1D6784}"
EndProject
Global
	GlobalSection(SolutionConfigurationPlatforms) = preSolution
		Debug|Any CPU = Debug|Any CPU
		Release|Any CPU = Release|Any CPU
	EndGlobalSection
	GlobalSection(ProjectConfigurationPlatforms) = postSolution
		{CEC4220B-B975-469A-AE13-3A873E1D6784}.Debug|Any CPU.ActiveCfg = Debug|Any CPU
		{CEC4220B-B975-469A-AE13-3A873E1D6784}.Debug|Any CPU.Build.0 = Debug|Any CPU
		{CEC4220B-B975-469A-AE13-3A873E1D6784}.Release|Any CPU.ActiveCfg = Release|Any CPU
		{CEC4220B-B975-469A-AE13-3A873E1D6784}.Release|Any CPU.Build.0 = Release|Any CPU
	EndGlobalSection
	GlobalSection(SolutionProperties) = preSolution
		HideSolutionNode = FALSE
	EndGlobalSection
	GlobalSection(ExtensibilityGlobals) = postSolution
		SolutionGuid = {A6672028-3ED6-49DF-BD6B-A5338DB2108D}
	EndGlobalSection
EndGlobal
