
Microsoft Visual Studio Solution File, Format Version 12.00
# Visual Studio Version 16
VisualStudioVersion = 16.0.31019.35
MinimumVisualStudioVersion = 10.0.40219.1
Project("{FAE04EC0-301F-11D3-BF4B-00C04F79EFBC}") = "number.UWP", "number\number.UWP\number.UWP.csproj", "{191DC93C-F166-4543-9E8F-BB9E955A9245}"
EndProject
Project("{FAE04EC0-301F-11D3-BF4B-00C04F79EFBC}") = "number.Android", "number\number.Android\number.Android.csproj", "{A5AAF5B6-0FFE-4861-A1FF-45BBCEDBB114}"
EndProject
Project("{FAE04EC0-301F-11D3-BF4B-00C04F79EFBC}") = "number.iOS", "number\number.iOS\number.iOS.csproj", "{02433CFC-E401-42BC-9A6B-122771B2E451}"
EndProject
Project("{FAE04EC0-301F-11D3-BF4B-00C04F79EFBC}") = "number", "number\number\number.csproj", "{C40E4C18-4D7B-4408-BEE3-6B21494C8AEB}"
EndProject
Global
	GlobalSection(SolutionConfigurationPlatforms) = preSolution
		Debug|Any CPU = Debug|Any CPU
		Debug|ARM = Debug|ARM
		Debug|iPhone = Debug|iPhone
		Debug|iPhoneSimulator = Debug|iPhoneSimulator
		Debug|x64 = Debug|x64
		Debug|x86 = Debug|x86
		Release|Any CPU = Release|Any CPU
		Release|ARM = Release|ARM
		Release|iPhone = Release|iPhone
		Release|iPhoneSimulator = Release|iPhoneSimulator
		Release|x64 = Release|x64
		Release|x86 = Release|x86
	EndGlobalSection
	GlobalSection(ProjectConfigurationPlatforms) = postSolution
		{191DC93C-F166-4543-9E8F-BB9E955A9245}.Debug|Any CPU.ActiveCfg = Debug|x86
		{191DC93C-F166-4543-9E8F-BB9E955A9245}.Debug|Any CPU.Build.0 = Debug|x86
		{191DC93C-F166-4543-9E8F-BB9E955A9245}.Debug|Any CPU.Deploy.0 = Debug|x86
		{191DC93C-F166-4543-9E8F-BB9E955A9245}.Debug|ARM.ActiveCfg = Debug|ARM
		{191DC93C-F166-4543-9E8F-BB9E955A9245}.Debug|ARM.Build.0 = Debug|ARM
		{191DC93C-F166-4543-9E8F-BB9E955A9245}.Debug|ARM.Deploy.0 = Debug|ARM
		{191DC93C-F166-4543-9E8F-BB9E955A9245}.Debug|iPhone.ActiveCfg = Debug|x86
		{191DC93C-F166-4543-9E8F-BB9E955A9245}.Debug|iPhone.Build.0 = Debug|x86
		{191DC93C-F166-4543-9E8F-BB9E955A9245}.Debug|iPhone.Deploy.0 = Debug|x86
		{191DC93C-F166-4543-9E8F-BB9E955A9245}.Debug|iPhoneSimulator.ActiveCfg = Debug|x86
		{191DC93C-F166-4543-9E8F-BB9E955A9245}.Debug|iPhoneSimulator.Build.0 = Debug|x86
		{191DC93C-F166-4543-9E8F-BB9E955A9245}.Debug|iPhoneSimulator.Deploy.0 = Debug|x86
		{191DC93C-F166-4543-9E8F-BB9E955A9245}.Debug|x64.ActiveCfg = Debug|x64
		{191DC93C-F166-4543-9E8F-BB9E955A9245}.Debug|x64.Build.0 = Debug|x64
		{191DC93C-F166-4543-9E8F-BB9E955A9245}.Debug|x64.Deploy.0 = Debug|x64
		{191DC93C-F166-4543-9E8F-BB9E955A9245}.Debug|x86.ActiveCfg = Debug|x86
		{191DC93C-F166-4543-9E8F-BB9E955A9245}.Debug|x86.Build.0 = Debug|x86
		{191DC93C-F166-4543-9E8F-BB9E955A9245}.Debug|x86.Deploy.0 = Debug|x86
		{191DC93C-F166-4543-9E8F-BB9E955A9245}.Release|Any CPU.ActiveCfg = Release|x86
		{191DC93C-F166-4543-9E8F-BB9E955A9245}.Release|Any CPU.Build.0 = Release|x86
		{191DC93C-F166-4543-9E8F-BB9E955A9245}.Release|Any CPU.Deploy.0 = Release|x86
		{191DC93C-F166-4543-9E8F-BB9E955A9245}.Release|ARM.ActiveCfg = Release|ARM
		{191DC93C-F166-4543-9E8F-BB9E955A9245}.Release|ARM.Build.0 = Release|ARM
		{191DC93C-F166-4543-9E8F-BB9E955A9245}.Release|ARM.Deploy.0 = Release|ARM
		{191DC93C-F166-4543-9E8F-BB9E955A9245}.Release|iPhone.ActiveCfg = Release|x86
		{191DC93C-F166-4543-9E8F-BB9E955A9245}.Release|iPhone.Build.0 = Release|x86
		{191DC93C-F166-4543-9E8F-BB9E955A9245}.Release|iPhone.Deploy.0 = Release|x86
		{191DC93C-F166-4543-9E8F-BB9E955A9245}.Release|iPhoneSimulator.ActiveCfg = Release|x86
		{191DC93C-F166-4543-9E8F-BB9E955A9245}.Release|iPhoneSimulator.Build.0 = Release|x86
		{191DC93C-F166-4543-9E8F-BB9E955A9245}.Release|iPhoneSimulator.Deploy.0 = Release|x86
		{191DC93C-F166-4543-9E8F-BB9E955A9245}.Release|x64.ActiveCfg = Release|x64
		{191DC93C-F166-4543-9E8F-BB9E955A9245}.Release|x64.Build.0 = Release|x64
		{191DC93C-F166-4543-9E8F-BB9E955A9245}.Release|x64.Deploy.0 = Release|x64
		{191DC93C-F166-4543-9E8F-BB9E955A9245}.Release|x86.ActiveCfg = Release|x86
		{191DC93C-F166-4543-9E8F-BB9E955A9245}.Release|x86.Build.0 = Release|x86
		{191DC93C-F166-4543-9E8F-BB9E955A9245}.Release|x86.Deploy.0 = Release|x86
		{A5AAF5B6-0FFE-4861-A1FF-45BBCEDBB114}.Debug|Any CPU.ActiveCfg = Debug|Any CPU
		{A5AAF5B6-0FFE-4861-A1FF-45BBCEDBB114}.Debug|Any CPU.Build.0 = Debug|Any CPU
		{A5AAF5B6-0FFE-4861-A1FF-45BBCEDBB114}.Debug|Any CPU.Deploy.0 = Debug|Any CPU
		{A5AAF5B6-0FFE-4861-A1FF-45BBCEDBB114}.Debug|ARM.ActiveCfg = Debug|Any CPU
		{A5AAF5B6-0FFE-4861-A1FF-45BBCEDBB114}.Debug|ARM.Build.0 = Debug|Any CPU
		{A5AAF5B6-0FFE-4861-A1FF-45BBCEDBB114}.Debug|ARM.Deploy.0 = Debug|Any CPU
		{A5AAF5B6-0FFE-4861-A1FF-45BBCEDBB114}.Debug|iPhone.ActiveCfg = Debug|Any CPU
		{A5AAF5B6-0FFE-4861-A1FF-45BBCEDBB114}.Debug|iPhone.Build.0 = Debug|Any CPU
		{A5AAF5B6-0FFE-4861-A1FF-45BBCEDBB114}.Debug|iPhone.Deploy.0 = Debug|Any CPU
		{A5AAF5B6-0FFE-4861-A1FF-45BBCEDBB114}.Debug|iPhoneSimulator.ActiveCfg = Debug|Any CPU
		{A5AAF5B6-0FFE-4861-A1FF-45BBCEDBB114}.Debug|iPhoneSimulator.Build.0 = Debug|Any CPU
		{A5AAF5B6-0FFE-4861-A1FF-45BBCEDBB114}.Debug|iPhoneSimulator.Deploy.0 = Debug|Any CPU
		{A5AAF5B6-0FFE-4861-A1FF-45BBCEDBB114}.Debug|x64.ActiveCfg = Debug|Any CPU
		{A5AAF5B6-0FFE-4861-A1FF-45BBCEDBB114}.Debug|x64.Build.0 = Debug|Any CPU
		{A5AAF5B6-0FFE-4861-A1FF-45BBCEDBB114}.Debug|x64.Deploy.0 = Debug|Any CPU
		{A5AAF5B6-0FFE-4861-A1FF-45BBCEDBB114}.Debug|x86.ActiveCfg = Debug|Any CPU
		{A5AAF5B6-0FFE-4861-A1FF-45BBCEDBB114}.Debug|x86.Build.0 = Debug|Any CPU
		{A5AAF5B6-0FFE-4861-A1FF-45BBCEDBB114}.Debug|x86.Deploy.0 = Debug|Any CPU
		{A5AAF5B6-0FFE-4861-A1FF-45BBCEDBB114}.Release|Any CPU.ActiveCfg = Release|Any CPU
		{A5AAF5B6-0FFE-4861-A1FF-45BBCEDBB114}.Release|Any CPU.Build.0 = Release|Any CPU
		{A5AAF5B6-0FFE-4861-A1FF-45BBCEDBB114}.Release|Any CPU.Deploy.0 = Release|Any CPU
		{A5AAF5B6-0FFE-4861-A1FF-45BBCEDBB114}.Release|ARM.ActiveCfg = Release|Any CPU
		{A5AAF5B6-0FFE-4861-A1FF-45BBCEDBB114}.Release|ARM.Build.0 = Release|Any CPU
		{A5AAF5B6-0FFE-4861-A1FF-45BBCEDBB114}.Release|ARM.Deploy.0 = Release|Any CPU
		{A5AAF5B6-0FFE-4861-A1FF-45BBCEDBB114}.Release|iPhone.ActiveCfg = Release|Any CPU
		{A5AAF5B6-0FFE-4861-A1FF-45BBCEDBB114}.Release|iPhone.Build.0 = Release|Any CPU
		{A5AAF5B6-0FFE-4861-A1FF-45BBCEDBB114}.Release|iPhone.Deploy.0 = Release|Any CPU
		{A5AAF5B6-0FFE-4861-A1FF-45BBCEDBB114}.Release|iPhoneSimulator.ActiveCfg = Release|Any CPU
		{A5AAF5B6-0FFE-4861-A1FF-45BBCEDBB114}.Release|iPhoneSimulator.Build.0 = Release|Any CPU
		{A5AAF5B6-0FFE-4861-A1FF-45BBCEDBB114}.Release|iPhoneSimulator.Deploy.0 = Release|Any CPU
		{A5AAF5B6-0FFE-4861-A1FF-45BBCEDBB114}.Release|x64.ActiveCfg = Release|Any CPU
		{A5AAF5B6-0FFE-4861-A1FF-45BBCEDBB114}.Release|x64.Build.0 = Release|Any CPU
		{A5AAF5B6-0FFE-4861-A1FF-45BBCEDBB114}.Release|x64.Deploy.0 = Release|Any CPU
		{A5AAF5B6-0FFE-4861-A1FF-45BBCEDBB114}.Release|x86.ActiveCfg = Release|Any CPU
		{A5AAF5B6-0FFE-4861-A1FF-45BBCEDBB114}.Release|x86.Build.0 = Release|Any CPU
		{A5AAF5B6-0FFE-4861-A1FF-45BBCEDBB114}.Release|x86.Deploy.0 = Release|Any CPU
		{02433CFC-E401-42BC-9A6B-122771B2E451}.Debug|Any CPU.ActiveCfg = Debug|iPhoneSimulator
		{02433CFC-E401-42BC-9A6B-122771B2E451}.Debug|Any CPU.Build.0 = Debug|iPhoneSimulator
		{02433CFC-E401-42BC-9A6B-122771B2E451}.Debug|Any CPU.Deploy.0 = Debug|iPhoneSimulator
		{02433CFC-E401-42BC-9A6B-122771B2E451}.Debug|ARM.ActiveCfg = Debug|iPhone
		{02433CFC-E401-42BC-9A6B-122771B2E451}.Debug|ARM.Build.0 = Debug|iPhone
		{02433CFC-E401-42BC-9A6B-122771B2E451}.Debug|ARM.Deploy.0 = Debug|iPhone
		{02433CFC-E401-42BC-9A6B-122771B2E451}.Debug|iPhone.ActiveCfg = Debug|iPhone
		{02433CFC-E401-42BC-9A6B-122771B2E451}.Debug|iPhone.Build.0 = Debug|iPhone
		{02433CFC-E401-42BC-9A6B-122771B2E451}.Debug|iPhone.Deploy.0 = Debug|iPhone
		{02433CFC-E401-42BC-9A6B-122771B2E451}.Debug|iPhoneSimulator.ActiveCfg = Debug|iPhoneSimulator
		{02433CFC-E401-42BC-9A6B-122771B2E451}.Debug|iPhoneSimulator.Build.0 = Debug|iPhoneSimulator
		{02433CFC-E401-42BC-9A6B-122771B2E451}.Debug|iPhoneSimulator.Deploy.0 = Debug|iPhoneSimulator
		{02433CFC-E401-42BC-9A6B-122771B2E451}.Debug|x64.ActiveCfg = Debug|iPhoneSimulator
		{02433CFC-E401-42BC-9A6B-122771B2E451}.Debug|x64.Build.0 = Debug|iPhoneSimulator
		{02433CFC-E401-42BC-9A6B-122771B2E451}.Debug|x64.Deploy.0 = Debug|iPhoneSimulator
		{02433CFC-E401-42BC-9A6B-122771B2E451}.Debug|x86.ActiveCfg = Debug|iPhoneSimulator
		{02433CFC-E401-42BC-9A6B-122771B2E451}.Debug|x86.Build.0 = Debug|iPhoneSimulator
		{02433CFC-E401-42BC-9A6B-122771B2E451}.Debug|x86.Deploy.0 = Debug|iPhoneSimulator
		{02433CFC-E401-42BC-9A6B-122771B2E451}.Release|Any CPU.ActiveCfg = Release|iPhoneSimulator
		{02433CFC-E401-42BC-9A6B-122771B2E451}.Release|Any CPU.Build.0 = Release|iPhoneSimulator
		{02433CFC-E401-42BC-9A6B-122771B2E451}.Release|Any CPU.Deploy.0 = Release|iPhoneSimulator
		{02433CFC-E401-42BC-9A6B-122771B2E451}.Release|ARM.ActiveCfg = Release|iPhoneSimulator
		{02433CFC-E401-42BC-9A6B-122771B2E451}.Release|ARM.Build.0 = Release|iPhoneSimulator
		{02433CFC-E401-42BC-9A6B-122771B2E451}.Release|ARM.Deploy.0 = Release|iPhoneSimulator
		{02433CFC-E401-42BC-9A6B-122771B2E451}.Release|iPhone.ActiveCfg = Release|iPhone
		{02433CFC-E401-42BC-9A6B-122771B2E451}.Release|iPhone.Build.0 = Release|iPhone
		{02433CFC-E401-42BC-9A6B-122771B2E451}.Release|iPhone.Deploy.0 = Release|iPhone
		{02433CFC-E401-42BC-9A6B-122771B2E451}.Release|iPhoneSimulator.ActiveCfg = Release|iPhoneSimulator
		{02433CFC-E401-42BC-9A6B-122771B2E451}.Release|iPhoneSimulator.Build.0 = Release|iPhoneSimulator
		{02433CFC-E401-42BC-9A6B-122771B2E451}.Release|iPhoneSimulator.Deploy.0 = Release|iPhoneSimulator
		{02433CFC-E401-42BC-9A6B-122771B2E451}.Release|x64.ActiveCfg = Release|iPhoneSimulator
		{02433CFC-E401-42BC-9A6B-122771B2E451}.Release|x64.Build.0 = Release|iPhoneSimulator
		{02433CFC-E401-42BC-9A6B-122771B2E451}.Release|x64.Deploy.0 = Release|iPhoneSimulator
		{02433CFC-E401-42BC-9A6B-122771B2E451}.Release|x86.ActiveCfg = Release|iPhoneSimulator
		{02433CFC-E401-42BC-9A6B-122771B2E451}.Release|x86.Build.0 = Release|iPhoneSimulator
		{02433CFC-E401-42BC-9A6B-122771B2E451}.Release|x86.Deploy.0 = Release|iPhoneSimulator
		{C40E4C18-4D7B-4408-BEE3-6B21494C8AEB}.Debug|Any CPU.ActiveCfg = Debug|Any CPU
		{C40E4C18-4D7B-4408-BEE3-6B21494C8AEB}.Debug|Any CPU.Build.0 = Debug|Any CPU
		{C40E4C18-4D7B-4408-BEE3-6B21494C8AEB}.Debug|Any CPU.Deploy.0 = Debug|Any CPU
		{C40E4C18-4D7B-4408-BEE3-6B21494C8AEB}.Debug|ARM.ActiveCfg = Debug|Any CPU
		{C40E4C18-4D7B-4408-BEE3-6B21494C8AEB}.Debug|ARM.Build.0 = Debug|Any CPU
		{C40E4C18-4D7B-4408-BEE3-6B21494C8AEB}.Debug|ARM.Deploy.0 = Debug|Any CPU
		{C40E4C18-4D7B-4408-BEE3-6B21494C8AEB}.Debug|iPhone.ActiveCfg = Debug|Any CPU
		{C40E4C18-4D7B-4408-BEE3-6B21494C8AEB}.Debug|iPhone.Build.0 = Debug|Any CPU
		{C40E4C18-4D7B-4408-BEE3-6B21494C8AEB}.Debug|iPhone.Deploy.0 = Debug|Any CPU
		{C40E4C18-4D7B-4408-BEE3-6B21494C8AEB}.Debug|iPhoneSimulator.ActiveCfg = Debug|Any CPU
		{C40E4C18-4D7B-4408-BEE3-6B21494C8AEB}.Debug|iPhoneSimulator.Build.0 = Debug|Any CPU
		{C40E4C18-4D7B-4408-BEE3-6B21494C8AEB}.Debug|iPhoneSimulator.Deploy.0 = Debug|Any CPU
		{C40E4C18-4D7B-4408-BEE3-6B21494C8AEB}.Debug|x64.ActiveCfg = Debug|Any CPU
		{C40E4C18-4D7B-4408-BEE3-6B21494C8AEB}.Debug|x64.Build.0 = Debug|Any CPU
		{C40E4C18-4D7B-4408-BEE3-6B21494C8AEB}.Debug|x64.Deploy.0 = Debug|Any CPU
		{C40E4C18-4D7B-4408-BEE3-6B21494C8AEB}.Debug|x86.ActiveCfg = Debug|Any CPU
		{C40E4C18-4D7B-4408-BEE3-6B21494C8AEB}.Debug|x86.Build.0 = Debug|Any CPU
		{C40E4C18-4D7B-4408-BEE3-6B21494C8AEB}.Debug|x86.Deploy.0 = Debug|Any CPU
		{C40E4C18-4D7B-4408-BEE3-6B21494C8AEB}.Release|Any CPU.ActiveCfg = Release|Any CPU
		{C40E4C18-4D7B-4408-BEE3-6B21494C8AEB}.Release|Any CPU.Build.0 = Release|Any CPU
		{C40E4C18-4D7B-4408-BEE3-6B21494C8AEB}.Release|Any CPU.Deploy.0 = Release|Any CPU
		{C40E4C18-4D7B-4408-BEE3-6B21494C8AEB}.Release|ARM.ActiveCfg = Release|Any CPU
		{C40E4C18-4D7B-4408-BEE3-6B21494C8AEB}.Release|ARM.Build.0 = Release|Any CPU
		{C40E4C18-4D7B-4408-BEE3-6B21494C8AEB}.Release|ARM.Deploy.0 = Release|Any CPU
		{C40E4C18-4D7B-4408-BEE3-6B21494C8AEB}.Release|iPhone.ActiveCfg = Release|Any CPU
		{C40E4C18-4D7B-4408-BEE3-6B21494C8AEB}.Release|iPhone.Build.0 = Release|Any CPU
		{C40E4C18-4D7B-4408-BEE3-6B21494C8AEB}.Release|iPhone.Deploy.0 = Release|Any CPU
		{C40E4C18-4D7B-4408-BEE3-6B21494C8AEB}.Release|iPhoneSimulator.ActiveCfg = Release|Any CPU
		{C40E4C18-4D7B-4408-BEE3-6B21494C8AEB}.Release|iPhoneSimulator.Build.0 = Release|Any CPU
		{C40E4C18-4D7B-4408-BEE3-6B21494C8AEB}.Release|iPhoneSimulator.Deploy.0 = Release|Any CPU
		{C40E4C18-4D7B-4408-BEE3-6B21494C8AEB}.Release|x64.ActiveCfg = Release|Any CPU
		{C40E4C18-4D7B-4408-BEE3-6B21494C8AEB}.Release|x64.Build.0 = Release|Any CPU
		{C40E4C18-4D7B-4408-BEE3-6B21494C8AEB}.Release|x64.Deploy.0 = Release|Any CPU
		{C40E4C18-4D7B-4408-BEE3-6B21494C8AEB}.Release|x86.ActiveCfg = Release|Any CPU
		{C40E4C18-4D7B-4408-BEE3-6B21494C8AEB}.Release|x86.Build.0 = Release|Any CPU
		{C40E4C18-4D7B-4408-BEE3-6B21494C8AEB}.Release|x86.Deploy.0 = Release|Any CPU
	EndGlobalSection
	GlobalSection(SolutionProperties) = preSolution
		HideSolutionNode = FALSE
	EndGlobalSection
	GlobalSection(ExtensibilityGlobals) = postSolution
		SolutionGuid = {FE88A4BD-94BF-4F32-8FC7-C2A77EA8E3FF}
	EndGlobalSection
EndGlobal
